
Microsoft Visual Studio Solution File, Format Version 12.00
# Visual Studio Version 17
VisualStudioVersion = 17.11.35219.272
MinimumVisualStudioVersion = 10.0.40219.1
Project("{9A19103F-16F7-4668-BE54-9A1E7A4F7556}") = "ex1b", "ex1b\ex1b.csproj", "{D3E828AE-29A2-4F64-A63A-4F60A4A54148}"
EndProject
Project("{9A19103F-16F7-4668-BE54-9A1E7A4F7556}") = "ex1c-food-truck", "ex1c-food-truck\ex1c-food-truck.csproj", "{91740CDD-782E-4B52-9979-41DDD23735DA}"
EndProject
Project("{9A19103F-16F7-4668-BE54-9A1E7A4F7556}") = "ex2a-currency-exchange", "ex2a-currency-exchange\ex2a-currency-exchange.csproj", "{AE9C1F97-554D-4D92-B473-6BBD845646B6}"
EndProject
Project("{9A19103F-16F7-4668-BE54-9A1E7A4F7556}") = "ex2b-future-value-app", "ex2b-future-value-app\ex2b-future-value-app.csproj", "{1A5BD3D0-9AE5-4896-8D30-AB7E97E94E8D}"
EndProject
Project("{9A19103F-16F7-4668-BE54-9A1E7A4F7556}") = "ex2c-numeric-type-ranges", "Ex2C - Numeric Type Ranges\ex2c-numeric-type-ranges.csproj", "{E9FD94F5-F824-4123-81ED-C5CE78963DF9}"
EndProject
Project("{9A19103F-16F7-4668-BE54-9A1E7A4F7556}") = "ex2d-if-statements", "ex2d-if-statements\ex2d-if-statements.csproj", "{BF15E8BB-A6F9-4701-A3B6-C02F85627537}"
EndProject
Project("{9A19103F-16F7-4668-BE54-9A1E7A4F7556}") = "ex2e-boolean-calculations", "ex2e-boolean-calculations\ex2e-boolean-calculations.csproj", "{B751961F-72AD-4B85-BE98-0D79704A8DED}"
EndProject
Project("{9A19103F-16F7-4668-BE54-9A1E7A4F7556}") = "ex2e-boolean-calculationsTests", "ex2e-boolean-calculationsTests\ex2e-boolean-calculationsTests.csproj", "{723F563F-3A76-4B62-B656-2F6BDB66E79B}"
EndProject
Project("{FAE04EC0-301F-11D3-BF4B-00C04F79EFBC}") = "ex2f-student-grade-calculator", "ex2f-student-grade-calculator\ex2f-student-grade-calculator.csproj", "{40FEB3D5-24DD-4850-90BD-34FB327C140D}"
EndProject
Project("{FAE04EC0-301F-11D3-BF4B-00C04F79EFBC}") = "ex2f-student-grade-calculatorTests", "ex2f-student-grade-calculatorTests\ex2f-student-grade-calculatorTests.csproj", "{DBA749E1-7324-4E11-92B8-83436BF4BA52}"
EndProject
Global
	GlobalSection(SolutionConfigurationPlatforms) = preSolution
		Debug|Any CPU = Debug|Any CPU
		Release|Any CPU = Release|Any CPU
	EndGlobalSection
	GlobalSection(ProjectConfigurationPlatforms) = postSolution
		{D3E828AE-29A2-4F64-A63A-4F60A4A54148}.Debug|Any CPU.ActiveCfg = Debug|Any CPU
		{D3E828AE-29A2-4F64-A63A-4F60A4A54148}.Debug|Any CPU.Build.0 = Debug|Any CPU
		{D3E828AE-29A2-4F64-A63A-4F60A4A54148}.Release|Any CPU.ActiveCfg = Release|Any CPU
		{D3E828AE-29A2-4F64-A63A-4F60A4A54148}.Release|Any CPU.Build.0 = Release|Any CPU
		{91740CDD-782E-4B52-9979-41DDD23735DA}.Debug|Any CPU.ActiveCfg = Debug|Any CPU
		{91740CDD-782E-4B52-9979-41DDD23735DA}.Debug|Any CPU.Build.0 = Debug|Any CPU
		{91740CDD-782E-4B52-9979-41DDD23735DA}.Release|Any CPU.ActiveCfg = Release|Any CPU
		{91740CDD-782E-4B52-9979-41DDD23735DA}.Release|Any CPU.Build.0 = Release|Any CPU
		{AE9C1F97-554D-4D92-B473-6BBD845646B6}.Debug|Any CPU.ActiveCfg = Debug|Any CPU
		{AE9C1F97-554D-4D92-B473-6BBD845646B6}.Debug|Any CPU.Build.0 = Debug|Any CPU
		{AE9C1F97-554D-4D92-B473-6BBD845646B6}.Release|Any CPU.ActiveCfg = Release|Any CPU
		{AE9C1F97-554D-4D92-B473-6BBD845646B6}.Release|Any CPU.Build.0 = Release|Any CPU
		{1A5BD3D0-9AE5-4896-8D30-AB7E97E94E8D}.Debug|Any CPU.ActiveCfg = Debug|Any CPU
		{1A5BD3D0-9AE5-4896-8D30-AB7E97E94E8D}.Debug|Any CPU.Build.0 = Debug|Any CPU
		{1A5BD3D0-9AE5-4896-8D30-AB7E97E94E8D}.Release|Any CPU.ActiveCfg = Release|Any CPU
		{1A5BD3D0-9AE5-4896-8D30-AB7E97E94E8D}.Release|Any CPU.Build.0 = Release|Any CPU
		{E9FD94F5-F824-4123-81ED-C5CE78963DF9}.Debug|Any CPU.ActiveCfg = Debug|Any CPU
		{E9FD94F5-F824-4123-81ED-C5CE78963DF9}.Debug|Any CPU.Build.0 = Debug|Any CPU
		{E9FD94F5-F824-4123-81ED-C5CE78963DF9}.Release|Any CPU.ActiveCfg = Release|Any CPU
		{E9FD94F5-F824-4123-81ED-C5CE78963DF9}.Release|Any CPU.Build.0 = Release|Any CPU
		{BF15E8BB-A6F9-4701-A3B6-C02F85627537}.Debug|Any CPU.ActiveCfg = Debug|Any CPU
		{BF15E8BB-A6F9-4701-A3B6-C02F85627537}.Debug|Any CPU.Build.0 = Debug|Any CPU
		{BF15E8BB-A6F9-4701-A3B6-C02F85627537}.Release|Any CPU.ActiveCfg = Release|Any CPU
		{BF15E8BB-A6F9-4701-A3B6-C02F85627537}.Release|Any CPU.Build.0 = Release|Any CPU
		{B751961F-72AD-4B85-BE98-0D79704A8DED}.Debug|Any CPU.ActiveCfg = Debug|Any CPU
		{B751961F-72AD-4B85-BE98-0D79704A8DED}.Debug|Any CPU.Build.0 = Debug|Any CPU
		{B751961F-72AD-4B85-BE98-0D79704A8DED}.Release|Any CPU.ActiveCfg = Release|Any CPU
		{B751961F-72AD-4B85-BE98-0D79704A8DED}.Release|Any CPU.Build.0 = Release|Any CPU
		{723F563F-3A76-4B62-B656-2F6BDB66E79B}.Debug|Any CPU.ActiveCfg = Debug|Any CPU
		{723F563F-3A76-4B62-B656-2F6BDB66E79B}.Debug|Any CPU.Build.0 = Debug|Any CPU
		{723F563F-3A76-4B62-B656-2F6BDB66E79B}.Release|Any CPU.ActiveCfg = Release|Any CPU
		{723F563F-3A76-4B62-B656-2F6BDB66E79B}.Release|Any CPU.Build.0 = Release|Any CPU
		{40FEB3D5-24DD-4850-90BD-34FB327C140D}.Debug|Any CPU.ActiveCfg = Debug|Any CPU
		{40FEB3D5-24DD-4850-90BD-34FB327C140D}.Debug|Any CPU.Build.0 = Debug|Any CPU
		{40FEB3D5-24DD-4850-90BD-34FB327C140D}.Release|Any CPU.ActiveCfg = Release|Any CPU
		{40FEB3D5-24DD-4850-90BD-34FB327C140D}.Release|Any CPU.Build.0 = Release|Any CPU
		{DBA749E1-7324-4E11-92B8-83436BF4BA52}.Debug|Any CPU.ActiveCfg = Debug|Any CPU
		{DBA749E1-7324-4E11-92B8-83436BF4BA52}.Debug|Any CPU.Build.0 = Debug|Any CPU
		{DBA749E1-7324-4E11-92B8-83436BF4BA52}.Release|Any CPU.ActiveCfg = Release|Any CPU
		{DBA749E1-7324-4E11-92B8-83436BF4BA52}.Release|Any CPU.Build.0 = Release|Any CPU
	EndGlobalSection
	GlobalSection(SolutionProperties) = preSolution
		HideSolutionNode = FALSE
	EndGlobalSection
	GlobalSection(ExtensibilityGlobals) = postSolution
		SolutionGuid = {39817108-D760-4DAF-94A7-5267DFE34B25}
	EndGlobalSection
EndGlobal
